
Microsoft Visual Studio Solution File, Format Version 12.00
# Visual Studio Version 16
VisualStudioVersion = 16.0.29613.14
MinimumVisualStudioVersion = 15.0.26124.0
Project("{9A19103F-16F7-4668-BE54-9A1E7A4F7556}") = "Tbs.Core.Web.Mvc", "3.1\Tbs.Core.Web.Mvc\Tbs.Core.Web.Mvc.csproj", "{AB2C935D-70E5-4253-BA91-7DBF2D25E09F}"
EndProject
Global
	GlobalSection(SolutionConfigurationPlatforms) = preSolution
		Debug|Any CPU = Debug|Any CPU
		Release|Any CPU = Release|Any CPU
	EndGlobalSection
	GlobalSection(ProjectConfigurationPlatforms) = postSolution
		{AB2C935D-70E5-4253-BA91-7DBF2D25E09F}.Debug|Any CPU.ActiveCfg = Debug|Any CPU
		{AB2C935D-70E5-4253-BA91-7DBF2D25E09F}.Debug|Any CPU.Build.0 = Debug|Any CPU
		{AB2C935D-70E5-4253-BA91-7DBF2D25E09F}.Release|Any CPU.ActiveCfg = Release|Any CPU
		{AB2C935D-70E5-4253-BA91-7DBF2D25E09F}.Release|Any CPU.Build.0 = Release|Any CPU
	EndGlobalSection
	GlobalSection(SolutionProperties) = preSolution
		HideSolutionNode = FALSE
	EndGlobalSection
	GlobalSection(ExtensibilityGlobals) = postSolution
		SolutionGuid = {AC049244-2162-406C-874C-599C970DA6F4}
	EndGlobalSection
EndGlobal
